
Microsoft Visual Studio Solution File, Format Version 12.00
Project("{FAE04EC0-301F-11D3-BF4B-00C04F79EFBC}") = "BlueLabel", "src\BlueLabel\BlueLabel.csproj", "{375D4B26-8EB7-4770-9997-286F723665A8}"
EndProject
Project("{FAE04EC0-301F-11D3-BF4B-00C04F79EFBC}") = "BlueLabel.Android", "src\BlueLabel.Android\BlueLabel.Android.csproj", "{078D36BE-86BA-4205-91E2-D322162ECC07}"
EndProject
Project("{FAE04EC0-301F-11D3-BF4B-00C04F79EFBC}") = "BlueLabel.Windows", "src\BlueLabel.Windows\BlueLabel.Windows.csproj", "{8001CC5D-BF49-4CF9-920F-9AA8AC90998A}"
EndProject
Project("{FAE04EC0-301F-11D3-BF4B-00C04F79EFBC}") = "BlueLabel.Linux", "src\BlueLabel.Linux\BlueLabel.Linux.csproj", "{F188D6BD-2914-43E9-972A-87BF4A37C783}"
EndProject
Project("{2150E333-8FDC-42A3-9474-1A3956D46DE8}") = "Solution Folder", "Solution Folder", "{2E8D85C4-8D35-4BB2-A491-2689C8E92698}"
	ProjectSection(SolutionItems) = preProject
		CHANGELOG = CHANGELOG
		LICENSE = LICENSE
		README.md = README.md
		src\Directory.Build.props = src\Directory.Build.props
	EndProjectSection
EndProject
Project("{2150E333-8FDC-42A3-9474-1A3956D46DE8}") = "Issue Templates", "Issue Templates", "{EEEF00EE-5FE7-44BB-908D-EEA76FDE810E}"
	ProjectSection(SolutionItems) = preProject
		.github\ISSUE_TEMPLATE\bug_report.md = .github\ISSUE_TEMPLATE\bug_report.md
		.github\ISSUE_TEMPLATE\feature_request.md = .github\ISSUE_TEMPLATE\feature_request.md
		.github\ISSUE_TEMPLATE\vulnerability.md = .github\ISSUE_TEMPLATE\vulnerability.md
	EndProjectSection
EndProject
Project("{2150E333-8FDC-42A3-9474-1A3956D46DE8}") = "GitHub Actions", "GitHub Actions", "{90F77C2D-0CF4-4C27-822E-634AC500732F}"
	ProjectSection(SolutionItems) = preProject
		.github\workflows\dotnet-bluelabel.android.yml = .github\workflows\dotnet-bluelabel.android.yml
		.github\workflows\devskim.yml = .github\workflows\devskim.yml
		.github\workflows\dotnet-bluelabel.linux.yml = .github\workflows\dotnet-bluelabel.linux.yml
		.github\workflows\dotnet-bluelabel.win.yml = .github\workflows\dotnet-bluelabel.win.yml
	EndProjectSection
EndProject
Global
	GlobalSection(SolutionConfigurationPlatforms) = preSolution
		Debug|Any CPU = Debug|Any CPU
		Release|Any CPU = Release|Any CPU
	EndGlobalSection
	GlobalSection(ProjectConfigurationPlatforms) = postSolution
		{375D4B26-8EB7-4770-9997-286F723665A8}.Debug|Any CPU.ActiveCfg = Debug|Any CPU
		{375D4B26-8EB7-4770-9997-286F723665A8}.Debug|Any CPU.Build.0 = Debug|Any CPU
		{375D4B26-8EB7-4770-9997-286F723665A8}.Release|Any CPU.ActiveCfg = Release|Any CPU
		{375D4B26-8EB7-4770-9997-286F723665A8}.Release|Any CPU.Build.0 = Release|Any CPU
		{078D36BE-86BA-4205-91E2-D322162ECC07}.Debug|Any CPU.ActiveCfg = Debug|Any CPU
		{078D36BE-86BA-4205-91E2-D322162ECC07}.Debug|Any CPU.Build.0 = Debug|Any CPU
		{078D36BE-86BA-4205-91E2-D322162ECC07}.Debug|Any CPU.Deploy.0 = Debug|Any CPU
		{078D36BE-86BA-4205-91E2-D322162ECC07}.Release|Any CPU.ActiveCfg = Release|Any CPU
		{078D36BE-86BA-4205-91E2-D322162ECC07}.Release|Any CPU.Build.0 = Release|Any CPU
		{078D36BE-86BA-4205-91E2-D322162ECC07}.Release|Any CPU.Deploy.0 = Release|Any CPU
		{8001CC5D-BF49-4CF9-920F-9AA8AC90998A}.Debug|Any CPU.ActiveCfg = Debug|Any CPU
		{8001CC5D-BF49-4CF9-920F-9AA8AC90998A}.Debug|Any CPU.Build.0 = Debug|Any CPU
		{8001CC5D-BF49-4CF9-920F-9AA8AC90998A}.Release|Any CPU.ActiveCfg = Release|Any CPU
		{8001CC5D-BF49-4CF9-920F-9AA8AC90998A}.Release|Any CPU.Build.0 = Release|Any CPU
		{F188D6BD-2914-43E9-972A-87BF4A37C783}.Debug|Any CPU.ActiveCfg = Debug|Any CPU
		{F188D6BD-2914-43E9-972A-87BF4A37C783}.Debug|Any CPU.Build.0 = Debug|Any CPU
		{F188D6BD-2914-43E9-972A-87BF4A37C783}.Release|Any CPU.ActiveCfg = Release|Any CPU
		{F188D6BD-2914-43E9-972A-87BF4A37C783}.Release|Any CPU.Build.0 = Release|Any CPU
	EndGlobalSection
	GlobalSection(NestedProjects) = preSolution
		{EEEF00EE-5FE7-44BB-908D-EEA76FDE810E} = {2E8D85C4-8D35-4BB2-A491-2689C8E92698}
		{90F77C2D-0CF4-4C27-822E-634AC500732F} = {2E8D85C4-8D35-4BB2-A491-2689C8E92698}
	EndGlobalSection
EndGlobal
